PODS:
  - JJCollectionViewRoundFlowLayout_Swift (2.0.0)

DEPENDENCIES:
  - JJCollectionViewRoundFlowLayout_Swift (from `../`)

EXTERNAL SOURCES:
  JJCollectionViewRoundFlowLayout_Swift:
    :path: "../"

SPEC CHECKSUMS:
  JJCollectionViewRoundFlowLayout_Swift: 5efccbeee578d82b0bfe2b2aded9a7d52b447b8b

PODFILE CHECKSUM: 0a7860dab9968464ba91cdd55552f510076bc2d6

COCOAPODS: 1.8.4
